
Microsoft Visual Studio Solution File, Format Version 12.00
# Visual Studio 2012
Project("{FAE04EC0-301F-11D3-BF4B-00C04F79EFBC}") = "05.ChangesTextInRegionsSurroundedByTagsUpcase", "05.ChangesTextInRegionsSurroundedByTagsUpcase\05.ChangesTextInRegionsSurroundedByTagsUpcase.csproj", "{4773B134-900E-44F2-9616-A47E98C76FCB}"
EndProject
Project("{FAE04EC0-301F-11D3-BF4B-00C04F79EFBC}") = "02.ReadStringReverseItAndPrintsResult", "02.ReadStringReverseItAndPrintsResult\02.ReadStringReverseItAndPrintsResult.csproj", "{7F82E344-D856-46F3-9E26-2D1D9F233220}"
EndProject
Project("{FAE04EC0-301F-11D3-BF4B-00C04F79EFBC}") = "03.CheckIfTheBracketsArePutCorrectly", "03.CheckIfTheBracketsArePutCorrectly\03.CheckIfTheBracketsArePutCorrectly.csproj", "{A0B29086-0E5A-4ADE-A20A-AE2A6CC0FAA4}"
EndProject
Project("{FAE04EC0-301F-11D3-BF4B-00C04F79EFBC}") = "04.CountsASubstringInText", "04.CountsASubstringInText\04.CountsASubstringInText.csproj", "{22CEEA5B-46A5-466B-88CB-233D7F044B2C}"
EndProject
Global
	GlobalSection(SolutionConfigurationPlatforms) = preSolution
		Debug|Any CPU = Debug|Any CPU
		Release|Any CPU = Release|Any CPU
	EndGlobalSection
	GlobalSection(ProjectConfigurationPlatforms) = postSolution
		{4773B134-900E-44F2-9616-A47E98C76FCB}.Debug|Any CPU.ActiveCfg = Debug|Any CPU
		{4773B134-900E-44F2-9616-A47E98C76FCB}.Debug|Any CPU.Build.0 = Debug|Any CPU
		{4773B134-900E-44F2-9616-A47E98C76FCB}.Release|Any CPU.ActiveCfg = Release|Any CPU
		{4773B134-900E-44F2-9616-A47E98C76FCB}.Release|Any CPU.Build.0 = Release|Any CPU
		{7F82E344-D856-46F3-9E26-2D1D9F233220}.Debug|Any CPU.ActiveCfg = Debug|Any CPU
		{7F82E344-D856-46F3-9E26-2D1D9F233220}.Debug|Any CPU.Build.0 = Debug|Any CPU
		{7F82E344-D856-46F3-9E26-2D1D9F233220}.Release|Any CPU.ActiveCfg = Release|Any CPU
		{7F82E344-D856-46F3-9E26-2D1D9F233220}.Release|Any CPU.Build.0 = Release|Any CPU
		{A0B29086-0E5A-4ADE-A20A-AE2A6CC0FAA4}.Debug|Any CPU.ActiveCfg = Debug|Any CPU
		{A0B29086-0E5A-4ADE-A20A-AE2A6CC0FAA4}.Debug|Any CPU.Build.0 = Debug|Any CPU
		{A0B29086-0E5A-4ADE-A20A-AE2A6CC0FAA4}.Release|Any CPU.ActiveCfg = Release|Any CPU
		{A0B29086-0E5A-4ADE-A20A-AE2A6CC0FAA4}.Release|Any CPU.Build.0 = Release|Any CPU
		{22CEEA5B-46A5-466B-88CB-233D7F044B2C}.Debug|Any CPU.ActiveCfg = Debug|Any CPU
		{22CEEA5B-46A5-466B-88CB-233D7F044B2C}.Debug|Any CPU.Build.0 = Debug|Any CPU
		{22CEEA5B-46A5-466B-88CB-233D7F044B2C}.Release|Any CPU.ActiveCfg = Release|Any CPU
		{22CEEA5B-46A5-466B-88CB-233D7F044B2C}.Release|Any CPU.Build.0 = Release|Any CPU
	EndGlobalSection
	GlobalSection(SolutionProperties) = preSolution
		HideSolutionNode = FALSE
	EndGlobalSection
EndGlobal
